
Microsoft Visual Studio Solution File, Format Version 12.00
# Visual Studio Version 17
VisualStudioVersion = 17.9.34728.123
MinimumVisualStudioVersion = 10.0.40219.1
Project("{FAE04EC0-301F-11D3-BF4B-00C04F79EFBC}") = "NMS_Razor", "NMS_Razor\NMS_Razor.csproj", "{57D6CC98-3444-4065-9B08-642B5DF81199}"
EndProject
Project("{FAE04EC0-301F-11D3-BF4B-00C04F79EFBC}") = "NMS_Repositories", "NMS_Repositories\NMS_Repositories.csproj", "{08B826BB-AD00-47C6-B1CE-0952C9C4C615}"
EndProject
Project("{FAE04EC0-301F-11D3-BF4B-00C04F79EFBC}") = "NMS_DAOs", "NMS_DAOs\NMS_DAOs.csproj", "{8DF9EA02-84D0-4C15-83F6-93B669A76836}"
EndProject
Project("{FAE04EC0-301F-11D3-BF4B-00C04F79EFBC}") = "NMS_BusinessObjects", "NMS_BusinessObjects\NMS_BusinessObjects.csproj", "{17BF2ED1-8E98-4AB3-AC1E-F2A4535CC61E}"
EndProject
Global
	GlobalSection(SolutionConfigurationPlatforms) = preSolution
		Debug|Any CPU = Debug|Any CPU
		Release|Any CPU = Release|Any CPU
	EndGlobalSection
	GlobalSection(ProjectConfigurationPlatforms) = postSolution
		{57D6CC98-3444-4065-9B08-642B5DF81199}.Debug|Any CPU.ActiveCfg = Debug|Any CPU
		{57D6CC98-3444-4065-9B08-642B5DF81199}.Debug|Any CPU.Build.0 = Debug|Any CPU
		{57D6CC98-3444-4065-9B08-642B5DF81199}.Release|Any CPU.ActiveCfg = Release|Any CPU
		{57D6CC98-3444-4065-9B08-642B5DF81199}.Release|Any CPU.Build.0 = Release|Any CPU
		{08B826BB-AD00-47C6-B1CE-0952C9C4C615}.Debug|Any CPU.ActiveCfg = Debug|Any CPU
		{08B826BB-AD00-47C6-B1CE-0952C9C4C615}.Debug|Any CPU.Build.0 = Debug|Any CPU
		{08B826BB-AD00-47C6-B1CE-0952C9C4C615}.Release|Any CPU.ActiveCfg = Release|Any CPU
		{08B826BB-AD00-47C6-B1CE-0952C9C4C615}.Release|Any CPU.Build.0 = Release|Any CPU
		{8DF9EA02-84D0-4C15-83F6-93B669A76836}.Debug|Any CPU.ActiveCfg = Debug|Any CPU
		{8DF9EA02-84D0-4C15-83F6-93B669A76836}.Debug|Any CPU.Build.0 = Debug|Any CPU
		{8DF9EA02-84D0-4C15-83F6-93B669A76836}.Release|Any CPU.ActiveCfg = Release|Any CPU
		{8DF9EA02-84D0-4C15-83F6-93B669A76836}.Release|Any CPU.Build.0 = Release|Any CPU
		{17BF2ED1-8E98-4AB3-AC1E-F2A4535CC61E}.Debug|Any CPU.ActiveCfg = Debug|Any CPU
		{17BF2ED1-8E98-4AB3-AC1E-F2A4535CC61E}.Debug|Any CPU.Build.0 = Debug|Any CPU
		{17BF2ED1-8E98-4AB3-AC1E-F2A4535CC61E}.Release|Any CPU.ActiveCfg = Release|Any CPU
		{17BF2ED1-8E98-4AB3-AC1E-F2A4535CC61E}.Release|Any CPU.Build.0 = Release|Any CPU
	EndGlobalSection
	GlobalSection(SolutionProperties) = preSolution
		HideSolutionNode = FALSE
	EndGlobalSection
	GlobalSection(ExtensibilityGlobals) = postSolution
		SolutionGuid = {1AF12B52-95CA-4672-81A2-D288B38DDDF7}
	EndGlobalSection
EndGlobal
